{
  "name": "@pepakura/ui-desktop",
  "version": "0.1.0",
  "lockfileVersion": 3,
  "requires": true,
  "packages": {
    "": {
      "name": "@pepakura/ui-desktop",
      "version": "0.1.0",
      "dependencies": {
        "@tauri-apps/api": "^2.0.0",
        "@tauri-apps/plugin-dialog": "^2.0.0",
        "@tauri-apps/plugin-fs": "^2.0.0",
        "@tauri-apps/plugin-shell": "^2.0.0",
        "three": "^0.160.1",
        "vue": "^3.4.4"
      },
      "devDependencies": {
        "@tauri-apps/cli": "^2.0.0",
        "@vitejs/plugin-vue": "^5.2.4",
        "typescript": "^5.7.2",
        "vite": "^5.4.21"
      }
    },
    "../../../shared": {
      "name": "@pepakura/shared",
      "version": "0.1.0",
      "extraneous": true,
      "dependencies": {
        "@tauri-apps/api": "^2.10.0",
        "@types/three": "^0.160.0",
        "idb-keyval": "^6.2.2",
        "three": "^0.160.0",
        "vue": "^3.5.0"
      },
      "devDependencies": {
        "@types/node": "^20.0.0"
      }
    },
    "../node_modules/.pnpm/@tauri-apps+cli@2.3.0/node_modules/@tauri-apps/cli": {
      "version": "2.3.0",
      "dev": true,
      "license": "Apache-2.0 OR MIT",
      "bin": {
        "tauri": "tauri.js"
      },
      "devDependencies": {
        "@napi-rs/cli": "2.18.4",
        "@types/node": "^22.10.1",
        "cross-env": "7.0.3",
        "vitest": "^3.0.5"
      },
      "engines": {
        "node": ">= 10"
      },
      "funding": {
        "type": "opencollective",
        "url": "https://opencollective.com/tauri"
      },
      "optionalDependencies": {
        "@tauri-apps/cli-darwin-arm64": "2.3.0",
        "@tauri-apps/cli-darwin-x64": "2.3.0",
        "@tauri-apps/cli-linux-arm-gnueabihf": "2.3.0",
        "@tauri-apps/cli-linux-arm64-gnu": "2.3.0",
        "@tauri-apps/cli-linux-arm64-musl": "2.3.0",
        "@tauri-apps/cli-linux-x64-gnu": "2.3.0",
        "@tauri-apps/cli-linux-x64-musl": "2.3.0",
        "@tauri-apps/cli-win32-arm64-msvc": "2.3.0",
        "@tauri-apps/cli-win32-ia32-msvc": "2.3.0",
        "@tauri-apps/cli-win32-x64-msvc": "2.3.0"
      }
    },
    "../node_modules/.pnpm/@types+node@20.19.30/node_modules/@types/node": {
      "version": "20.19.30",
      "extraneous": true,
      "license": "MIT",
      "dependencies": {
        "undici-types": "~6.21.0"
      }
    },
    "../node_modules/.pnpm/@types+three@0.183.1/node_modules/@types/three": {
      "version": "0.183.1",
      "extraneous": true,
      "license": "MIT",
      "dependencies": {
        "@dimforge/rapier3d-compat": "~0.12.0",
        "@tweenjs/tween.js": "~23.1.3",
        "@types/stats.js": "*",
        "@types/webxr": ">=0.5.17",
        "@webgpu/types": "*",
        "fflate": "~0.8.2",
        "meshoptimizer": "~1.0.1"
      }
    },
    "../node_modules/.pnpm/@vitejs+plugin-vue@5.2.4_vi_3406a4bc0beea553f5d3a37ddff50cb5/node_modules/@vitejs/plugin-vue": {
      "version": "5.2.4",
      "dev": true,
      "license": "MIT",
      "devDependencies": {
        "@jridgewell/gen-mapping": "^0.3.8",
        "@jridgewell/trace-mapping": "^0.3.25",
        "debug": "^4.4.0",
        "rollup": "^4.40.2",
        "slash": "^5.1.0",
        "source-map-js": "^1.2.1",
        "vite": "^6.3.5",
        "vue": "^3.5.13"
      },
      "engines": {
        "node": "^18.0.0 || >=20.0.0"
      },
      "peerDependencies": {
        "vite": "^5.0.0 || ^6.0.0",
        "vue": "^3.2.25"
      }
    },
    "../node_modules/.pnpm/@vue+tsconfig@0.8.1_typescr_d8828e88459038eb3f3cecfac9bb942a/node_modules/@vue/tsconfig": {
      "version": "0.8.1",
      "extraneous": true,
      "license": "MIT",
      "peerDependencies": {
        "typescript": "5.x",
        "vue": "^3.4.0"
      },
      "peerDependenciesMeta": {
        "typescript": {
          "optional": true
        },
        "vue": {
          "optional": true
        }
      }
    },
    "../node_modules/.pnpm/pinia@3.0.4_typescript@5.9.3_vue@3.5.26_typescript@5.9.3_/node_modules/pinia": {
      "version": "3.0.4",
      "extraneous": true,
      "license": "MIT",
      "dependencies": {
        "@vue/devtools-api": "^7.7.7"
      },
      "devDependencies": {
        "@microsoft/api-extractor": "7.53.3",
        "@vue/test-utils": "^2.4.6"
      },
      "funding": {
        "url": "https://github.com/sponsors/posva"
      },
      "peerDependencies": {
        "typescript": ">=4.5.0",
        "vue": "^3.5.11"
      },
      "peerDependenciesMeta": {
        "typescript": {
          "optional": true
        }
      }
    },
    "../node_modules/.pnpm/typescript@5.9.3/node_modules/typescript": {
      "version": "5.9.3",
      "dev": true,
      "license": "Apache-2.0",
      "bin": {
        "tsc": "bin/tsc",
        "tsserver": "bin/tsserver"
      },
      "devDependencies": {
        "@dprint/formatter": "^0.4.1",
        "@dprint/typescript": "0.93.4",
        "@esfx/canceltoken": "^1.0.0",
        "@eslint/js": "^9.20.0",
        "@octokit/rest": "^21.1.1",
        "@types/chai": "^4.3.20",
        "@types/diff": "^7.0.1",
        "@types/minimist": "^1.2.5",
        "@types/mocha": "^10.0.10",
        "@types/ms": "^0.7.34",
        "@types/node": "latest",
        "@types/source-map-support": "^0.5.10",
        "@types/which": "^3.0.4",
        "@typescript-eslint/rule-tester": "^8.24.1",
        "@typescript-eslint/type-utils": "^8.24.1",
        "@typescript-eslint/utils": "^8.24.1",
        "azure-devops-node-api": "^14.1.0",
        "c8": "^10.1.3",
        "chai": "^4.5.0",
        "chokidar": "^4.0.3",
        "diff": "^7.0.0",
        "dprint": "^0.49.0",
        "esbuild": "^0.25.0",
        "eslint": "^9.20.1",
        "eslint-formatter-autolinkable-stylish": "^1.4.0",
        "eslint-plugin-regexp": "^2.7.0",
        "fast-xml-parser": "^4.5.2",
        "glob": "^10.4.5",
        "globals": "^15.15.0",
        "hereby": "^1.10.0",
        "jsonc-parser": "^3.3.1",
        "knip": "^5.44.4",
        "minimist": "^1.2.8",
        "mocha": "^10.8.2",
        "mocha-fivemat-progress-reporter": "^0.1.0",
        "monocart-coverage-reports": "^2.12.1",
        "ms": "^2.1.3",
        "picocolors": "^1.1.1",
        "playwright": "^1.50.1",
        "source-map-support": "^0.5.21",
        "tslib": "^2.8.1",
        "typescript": "^5.7.3",
        "typescript-eslint": "^8.24.1",
        "which": "^3.0.1"
      },
      "engines": {
        "node": ">=14.17"
      }
    },
    "../node_modules/.pnpm/vite@5.4.21_@types+node@20.19.30/node_modules/vite": {
      "version": "5.4.21",
      "dev": true,
      "license": "MIT",
      "dependencies": {
        "esbuild": "^0.21.3",
        "postcss": "^8.4.43",
        "rollup": "^4.20.0"
      },
      "bin": {
        "vite": "bin/vite.js"
      },
      "devDependencies": {
        "@ampproject/remapping": "^2.3.0",
        "@babel/parser": "^7.25.6",
        "@jridgewell/trace-mapping": "^0.3.25",
        "@polka/compression": "^1.0.0-next.25",
        "@rollup/plugin-alias": "^5.1.0",
        "@rollup/plugin-commonjs": "^26.0.1",
        "@rollup/plugin-dynamic-import-vars": "^2.1.2",
        "@rollup/plugin-json": "^6.1.0",
        "@rollup/plugin-node-resolve": "15.2.3",
        "@rollup/pluginutils": "^5.1.0",
        "@types/escape-html": "^1.0.4",
        "@types/pnpapi": "^0.0.5",
        "artichokie": "^0.2.1",
        "cac": "^6.7.14",
        "chokidar": "^3.6.0",
        "connect": "^3.7.0",
        "convert-source-map": "^2.0.0",
        "cors": "^2.8.5",
        "cross-spawn": "^7.0.3",
        "debug": "^4.3.6",
        "dep-types": "link:./src/types",
        "dotenv": "^16.4.5",
        "dotenv-expand": "^11.0.6",
        "es-module-lexer": "^1.5.4",
        "escape-html": "^1.0.3",
        "estree-walker": "^3.0.3",
        "etag": "^1.8.1",
        "fast-glob": "^3.3.2",
        "http-proxy": "^1.18.1",
        "launch-editor-middleware": "^2.9.1",
        "lightningcss": "^1.26.0",
        "magic-string": "^0.30.11",
        "micromatch": "^4.0.8",
        "mlly": "^1.7.1",
        "mrmime": "^2.0.0",
        "open": "^8.4.2",
        "parse5": "^7.1.2",
        "pathe": "^1.1.2",
        "periscopic": "^4.0.2",
        "picocolors": "^1.0.1",
        "picomatch": "^2.3.1",
        "postcss-import": "^16.1.0",
        "postcss-load-config": "^4.0.2",
        "postcss-modules": "^6.0.0",
        "resolve.exports": "^2.0.2",
        "rollup-plugin-dts": "^6.1.1",
        "rollup-plugin-esbuild": "^6.1.1",
        "rollup-plugin-license": "^3.5.2",
        "sass": "^1.77.8",
        "sass-embedded": "^1.77.8",
        "sirv": "^2.0.4",
        "source-map-support": "^0.5.21",
        "strip-ansi": "^7.1.0",
        "strip-literal": "^2.1.0",
        "tsconfck": "^3.1.4",
        "tslib": "^2.7.0",
        "types": "link:./types",
        "ufo": "^1.5.4",
        "ws": "^8.18.0"
      },
      "engines": {
        "node": "^18.0.0 || >=20.0.0"
      },
      "funding": {
        "url": "https://github.com/vitejs/vite?sponsor=1"
      },
      "optionalDependencies": {
        "fsevents": "~2.3.3"
      },
      "peerDependencies": {
        "@types/node": "^18.0.0 || >=20.0.0",
        "less": "*",
        "lightningcss": "^1.21.0",
        "sass": "*",
        "sass-embedded": "*",
        "stylus": "*",
        "sugarss": "*",
        "terser": "^5.4.0"
      },
      "peerDependenciesMeta": {
        "@types/node": {
          "optional": true
        },
        "less": {
          "optional": true
        },
        "lightningcss": {
          "optional": true
        },
        "sass": {
          "optional": true
        },
        "sass-embedded": {
          "optional": true
        },
        "stylus": {
          "optional": true
        },
        "sugarss": {
          "optional": true
        },
        "terser": {
          "optional": true
        }
      }
    },
    "../node_modules/.pnpm/vue-router@4.6.4_vue@3.5.26_typescript@5.9.3_/node_modules/vue-router": {
      "version": "4.6.4",
      "extraneous": true,
      "license": "MIT",
      "dependencies": {
        "@vue/devtools-api": "^6.6.4"
      },
      "devDependencies": {
        "@rollup/plugin-commonjs": "^28.0.7",
        "@rollup/plugin-node-resolve": "^16.0.3",
        "@rollup/plugin-replace": "^6.0.2",
        "@rollup/plugin-terser": "^0.4.4",
        "@types/jsdom": "^21.1.7",
        "@types/nightwatch": "^2.3.32",
        "@typescript/native-preview": "7.0.0-dev.20251013.1",
        "@vitejs/plugin-vue": "^6.0.1",
        "@vue/compiler-sfc": "~3.5.22",
        "@vue/server-renderer": "~3.5.22",
        "@vue/test-utils": "^2.4.6",
        "browserstack-local": "^1.5.8",
        "chromedriver": "^138.0.5",
        "connect-history-api-fallback": "^1.6.0",
        "dotenv": "^17.2.3",
        "faked-promise": "^2.2.2",
        "geckodriver": "^6.0.2",
        "happy-dom": "^20.0.0",
        "nightwatch": "^3.12.2",
        "nightwatch-helpers": "^1.2.0",
        "rimraf": "^6.0.1",
        "rollup": "^4.52.4",
        "rollup-plugin-typescript2": "^0.36.0",
        "tsdown": "^0.17.2",
        "tsup": "^8.5.0",
        "vite": "^7.1.10",
        "vue": "~3.6.0-alpha.2"
      },
      "funding": {
        "url": "https://github.com/sponsors/posva"
      },
      "peerDependencies": {
        "vue": "^3.5.0"
      }
    },
    "../node_modules/.pnpm/vue-tsc@2.2.12_typescript@5.9.3/node_modules/vue-tsc": {
      "version": "2.2.12",
      "extraneous": true,
      "license": "MIT",
      "dependencies": {
        "@volar/typescript": "2.4.15",
        "@vue/language-core": "2.2.12"
      },
      "bin": {
        "vue-tsc": "bin/vue-tsc.js"
      },
      "devDependencies": {
        "@types/node": "^22.10.4"
      },
      "peerDependencies": {
        "typescript": ">=5.0.0"
      }
    },
    "../node_modules/.pnpm/vue@3.5.26_typescript@5.9.3/node_modules/vue": {
      "version": "3.5.26",
      "license": "MIT",
      "dependencies": {
        "@vue/compiler-dom": "3.5.26",
        "@vue/compiler-sfc": "3.5.26",
        "@vue/runtime-dom": "3.5.26",
        "@vue/server-renderer": "3.5.26",
        "@vue/shared": "3.5.26"
      },
      "peerDependencies": {
        "typescript": "*"
      },
      "peerDependenciesMeta": {
        "typescript": {
          "optional": true
        }
      }
    },
    "node_modules/@tauri-apps/api": {
      "version": "2.10.1",
      "resolved": "https://registry.npmjs.org/@tauri-apps/api/-/api-2.10.1.tgz",
      "integrity": "sha512-hKL/jWf293UDSUN09rR69hrToyIXBb8CjGaWC7gfinvnQrBVvnLr08FeFi38gxtugAVyVcTa5/FD/Xnkb1siBw==",
      "license": "Apache-2.0 OR MIT",
      "funding": {
        "type": "opencollective",
        "url": "https://opencollective.com/tauri"
      }
    },
    "node_modules/@tauri-apps/cli": {
      "resolved": "../node_modules/.pnpm/@tauri-apps+cli@2.3.0/node_modules/@tauri-apps/cli",
      "link": true
    },
    "node_modules/@tauri-apps/plugin-dialog": {
      "version": "2.7.0",
      "resolved": "https://registry.npmjs.org/@tauri-apps/plugin-dialog/-/plugin-dialog-2.7.0.tgz",
      "integrity": "sha512-4nS/hfGMGCXiAS3LtVjH9AgsSAPJeG/7R+q8agTFqytjnMa4Zq95Bq8WzVDkckpanX+yyRHXnRtrKXkANKDHvw==",
      "license": "MIT OR Apache-2.0",
      "dependencies": {
        "@tauri-apps/api": "^2.10.1"
      }
    },
    "node_modules/@tauri-apps/plugin-fs": {
      "version": "2.5.0",
      "resolved": "https://registry.npmjs.org/@tauri-apps/plugin-fs/-/plugin-fs-2.5.0.tgz",
      "integrity": "sha512-c83kbz61AK+rKjhS+je9+stIO27nXj7p9cqeg36TwkIUtxpCFTttlHHtqon6h6FN54cXjyAjlMPOJcW3mwE5XQ==",
      "license": "MIT OR Apache-2.0",
      "dependencies": {
        "@tauri-apps/api": "^2.10.1"
      }
    },
    "node_modules/@tauri-apps/plugin-shell": {
      "version": "2.3.5",
      "resolved": "https://registry.npmjs.org/@tauri-apps/plugin-shell/-/plugin-shell-2.3.5.tgz",
      "integrity": "sha512-jewtULhiQ7lI7+owCKAjc8tYLJr92U16bPOeAa472LHJdgaibLP83NcfAF2e+wkEcA53FxKQAZ7byDzs2eeizg==",
      "license": "MIT OR Apache-2.0",
      "dependencies": {
        "@tauri-apps/api": "^2.10.1"
      }
    },
    "node_modules/@vitejs/plugin-vue": {
      "resolved": "../node_modules/.pnpm/@vitejs+plugin-vue@5.2.4_vi_3406a4bc0beea553f5d3a37ddff50cb5/node_modules/@vitejs/plugin-vue",
      "link": true
    },
    "node_modules/three": {
      "version": "0.160.1",
      "resolved": "https://registry.npmjs.org/three/-/three-0.160.1.tgz",
      "integrity": "sha512-Bgl2wPJypDOZ1stAxwfWAcJ0WQf7QzlptsxkjYiURPz+n5k4RBDLsq+6f9Y75TYxn6aHLcWz+JNmwTOXWrQTBQ==",
      "license": "MIT"
    },
    "node_modules/typescript": {
      "resolved": "../node_modules/.pnpm/typescript@5.9.3/node_modules/typescript",
      "link": true
    },
    "node_modules/vite": {
      "resolved": "../node_modules/.pnpm/vite@5.4.21_@types+node@20.19.30/node_modules/vite",
      "link": true
    },
    "node_modules/vue": {
      "resolved": "../node_modules/.pnpm/vue@3.5.26_typescript@5.9.3/node_modules/vue",
      "link": true
    }
  }
}
